// !$*UTF8*$!
{
	archiveVersion = 1;
	classes = {
	};
	objectVersion = 50;
	objects = {

/* Begin PBXBuildFile section */
		55C41430219EE74B00FA0558 /* UIImage+CVPixelBuffer.swift in Sources */ = {isa = PBXBuildFile; fileRef = 55C4142F219EE74B00FA0558 /* UIImage+CVPixelBuffer.swift */; };
		55C41432219EE8E300FA0558 /* ImageClassifier.mlmodel in Sources */ = {isa = PBXBuildFile; fileRef = 55C41431219EE8E300FA0558 /* ImageClassifier.mlmodel */; };
		55DF3E8521985C520080252C /* AppDelegate.swift in Sources */ = {isa = PBXBuildFile; fileRef = 55DF3E8421985C520080252C /* AppDelegate.swift */; };
		55DF3E8721985C520080252C /* ViewController.swift in Sources */ = {isa = PBXBuildFile; fileRef = 55DF3E8621985C520080252C /* ViewController.swift */; };
		55DF3E8A21985C520080252C /* Main.storyboard in Resources */ = {isa = PBXBuildFile; fileRef = 55DF3E8821985C520080252C /* Main.storyboard */; };
		55DF3E8C21985C540080252C /* Assets.xcassets in Resources */ = {isa = PBXBuildFile; fileRef = 55DF3E8B21985C540080252C /* Assets.xcassets */; };
		55DF3E8F21985C540080252C /* LaunchScreen.storyboard in Resources */ = {isa = PBXBuildFile; fileRef = 55DF3E8D21985C540080252C /* LaunchScreen.storyboard */; };
/* End PBXBuildFile section */

/* Begin PBXFileReference section */
		55C4142F219EE74B00FA0558 /* UIImage+CVPixelBuffer.swift */ = {isa = PBXFileReference; lastKnownFileType = sourcecode.swift; path = "UIImage+CVPixelBuffer.swift"; sourceTree = "<group>"; };
		55C41431219EE8E300FA0558 /* ImageClassifier.mlmodel */ = {isa = PBXFileReference; lastKnownFileType = file.mlmodel; path = ImageClassifier.mlmodel; sourceTree = "<group>"; };
		55DF3E8121985C520080252C /* SimpleClassificationApp.app */ = {isa = PBXFileReference; explicitFileType = wrapper.application; includeInIndex = 0; path = SimpleClassificationApp.app; sourceTree = BUILT_PRODUCTS_DIR; };
		55DF3E8421985C520080252C /* AppDelegate.swift */ = {isa = PBXFileReference; lastKnownFileType = sourcecode.swift; path = AppDelegate.swift; sourceTree = "<group>"; };
		55DF3E8621985C520080252C /* ViewController.swift */ = {isa = PBXFileReference; lastKnownFileType = sourcecode.swift; path = ViewController.swift; sourceTree = "<group>"; };
		55DF3E8921985C520080252C /* Base */ = {isa = PBXFileReference; lastKnownFileType = file.storyboard; name = Base; path = Base.lproj/Main.storyboard; sourceTree = "<group>"; };
		55DF3E8B21985C540080252C /* Assets.xcassets */ = {isa = PBXFileReference; lastKnownFileType = folder.assetcatalog; path = Assets.xcassets; sourceTree = "<group>"; };
		55DF3E8E21985C540080252C /* Base */ = {isa = PBXFileReference; lastKnownFileType = file.storyboard; name = Base; path = Base.lproj/LaunchScreen.storyboard; sourceTree = "<group>"; };
		55DF3E9021985C540080252C /* Info.plist */ = {isa = PBXFileReference; lastKnownFileType = text.plist.xml; path = Info.plist; sourceTree = "<group>"; };
		55DF3E96219866AA0080252C /* TrainingPlayground.playground */ = {isa = PBXFileReference; lastKnownFileType = file.playground; path = TrainingPlayground.playground; sourceTree = "<group>"; xcLanguageSpecificationIdentifier = xcode.lang.swift; };
/* End PBXFileReference section */

/* Begin PBXFrameworksBuildPhase section */
		55DF3E7E21985C520080252C /* Frameworks */ = {
			isa = PBXFrameworksBuildPhase;
			buildActionMask = 2147483647;
			files = (
			);
			runOnlyForDeploymentPostprocessing = 0;
		};
/* End PBXFrameworksBuildPhase section */

/* Begin PBXGroup section */
		55DF3E7821985C520080252C = {
			isa = PBXGroup;
			children = (
				55DF3E96219866AA0080252C /* TrainingPlayground.playground */,
				55DF3E8321985C520080252C /* SimpleClassificationApp */,
				55DF3E8221985C520080252C /* Products */,
			);
			sourceTree = "<group>";
		};
		55DF3E8221985C520080252C /* Products */ = {
			isa = PBXGroup;
			children = (
				55DF3E8121985C520080252C /* SimpleClassificationApp.app */,
			);
			name = Products;
			sourceTree = "<group>";
		};
		55DF3E8321985C520080252C /* SimpleClassificationApp */ = {
			isa = PBXGroup;
			children = (
				55C41431219EE8E300FA0558 /* ImageClassifier.mlmodel */,
				55DF3E8421985C520080252C /* AppDelegate.swift */,
				55DF3E8621985C520080252C /* ViewController.swift */,
				55C4142F219EE74B00FA0558 /* UIImage+CVPixelBuffer.swift */,
				55DF3E8821985C520080252C /* Main.storyboard */,
				55DF3E8B21985C540080252C /* Assets.xcassets */,
				55DF3E8D21985C540080252C /* LaunchScreen.storyboard */,
				55DF3E9021985C540080252C /* Info.plist */,
			);
			path = SimpleClassificationApp;
			sourceTree = "<group>";
		};
/* End PBXGroup section */

/* Begin PBXNativeTarget section */
		55DF3E8021985C520080252C /* SimpleClassificationApp */ = {
			isa = PBXNativeTarget;
			buildConfigurationList = 55DF3E9321985C540080252C /* Build configuration list for PBXNativeTarget "SimpleClassificationApp" */;
			buildPhases = (
				55DF3E7D21985C520080252C /* Sources */,
				55DF3E7E21985C520080252C /* Frameworks */,
				55DF3E7F21985C520080252C /* Resources */,
			);
			buildRules = (
			);
			dependencies = (
			);
			name = SimpleClassificationApp;
			productName = MyClassificationApp;
			productReference = 55DF3E8121985C520080252C /* SimpleClassificationApp.app */;
			productType = "com.apple.product-type.application";
		};
/* End PBXNativeTarget section */

/* Begin PBXProject section */
		55DF3E7921985C520080252C /* Project object */ = {
			isa = PBXProject;
			attributes = {
				LastSwiftUpdateCheck = 1010;
				LastUpgradeCheck = 1010;
				ORGANIZATIONNAME = tucan9389;
				TargetAttributes = {
					55DF3E8021985C520080252C = {
						CreatedOnToolsVersion = 10.1;
					};
				};
			};
			buildConfigurationList = 55DF3E7C21985C520080252C /* Build configuration list for PBXProject "SimpleClassificationApp" */;
			compatibilityVersion = "Xcode 9.3";
			developmentRegion = en;
			hasScannedForEncodings = 0;
			knownRegions = (
				en,
				Base,
			);
			mainGroup = 55DF3E7821985C520080252C;
			productRefGroup = 55DF3E8221985C520080252C /* Products */;
			projectDirPath = "";
			projectRoot = "";
			targets = (
				55DF3E8021985C520080252C /* SimpleClassificationApp */,
			);
		};
/* End PBXProject section */

/* Begin PBXResourcesBuildPhase section */
		55DF3E7F21985C520080252C /* Resources */ = {
			isa = PBXResourcesBuildPhase;
			buildActionMask = 2147483647;
			files = (
				55DF3E8F21985C540080252C /* LaunchScreen.storyboard in Resources */,
				55DF3E8C21985C540080252C /* Assets.xcassets in Resources */,
				55DF3E8A21985C520080252C /* Main.storyboard in Resources */,
			);
			runOnlyForDeploymentPostprocessing = 0;
		};
/* End PBXResourcesBuildPhase section */

/* Begin PBXSourcesBuildPhase section */
		55DF3E7D21985C520080252C /* Sources */ = {
			isa = PBXSourcesBuildPhase;
			buildActionMask = 2147483647;
			files = (
				55DF3E8721985C520080252C /* ViewController.swift in Sources */,
				55C41430219EE74B00FA0558 /* UIImage+CVPixelBuffer.swift in Sources */,
				55DF3E8521985C520080252C /* AppDelegate.swift in Sources */,
				55C41432219EE8E300FA0558 /* ImageClassifier.mlmodel in Sources */,
			);
			runOnlyForDeploymentPostprocessing = 0;
		};
/* End PBXSourcesBuildPhase section */

/* Begin PBXVariantGroup section */
		55DF3E8821985C520080252C /* Main.storyboard */ = {
			isa = PBXVariantGroup;
			children = (
				55DF3E8921985C520080252C /* Base */,
			);
			name = Main.storyboard;
			sourceTree = "<group>";
		};
		55DF3E8D21985C540080252C /* LaunchScreen.storyboard */ = {
			isa = PBXVariantGroup;
			children = (
				55DF3E8E21985C540080252C /* Base */,
			);
			name = LaunchScreen.storyboard;
			sourceTree = "<group>";
		};
/* End PBXVariantGroup section */

/* Begin XCBuildConfiguration section */
		55DF3E9121985C540080252C /* Debug */ = {
			isa = XCBuildConfiguration;
			buildSettings = {
				ALWAYS_SEARCH_USER_PATHS = NO;
				CLANG_ANALYZER_NONNULL = YES;
				CLANG_ANALYZER_NUMBER_OBJECT_CONVERSION = YES_AGGRESSIVE;
				CLANG_CXX_LANGUAGE_STANDARD = "gnu++14";
				CLANG_CXX_LIBRARY = "libc++";
				CLANG_ENABLE_MODULES = YES;
				CLANG_ENABLE_OBJC_ARC = YES;
				CLANG_ENABLE_OBJC_WEAK = YES;
				CLANG_WARN_BLOCK_CAPTURE_AUTORELEASING = YES;
				CLANG_WARN_BOOL_CONVERSION = YES;
				CLANG_WARN_COMMA = YES;
				CLANG_WARN_CONSTANT_CONVERSION = YES;
				CLANG_WARN_DEPRECATED_OBJC_IMPLEMENTATIONS = YES;
				CLANG_WARN_DIRECT_OBJC_ISA_USAGE = YES_ERROR;
				CLANG_WARN_DOCUMENTATION_COMMENTS = YES;
				CLANG_WARN_EMPTY_BODY = YES;
				CLANG_WARN_ENUM_CONVERSION = YES;
				CLANG_WARN_INFINITE_RECURSION = YES;
				CLANG_WARN_INT_CONVERSION = YES;
				CLANG_WARN_NON_LITERAL_NULL_CONVERSION = YES;
				CLANG_WARN_OBJC_IMPLICIT_RETAIN_SELF = YES;
				CLANG_WARN_OBJC_LITERAL_CONVERSION = YES;
				CLANG_WARN_OBJC_ROOT_CLASS = YES_ERROR;
				CLANG_WARN_RANGE_LOOP_ANALYSIS = YES;
				CLANG_WARN_STRICT_PROTOTYPES = YES;
				CLANG_WARN_SUSPICIOUS_MOVE = YES;
				CLANG_WARN_UNGUARDED_AVAILABILITY = YES_AGGRESSIVE;
				CLANG_WARN_UNREACHABLE_CODE = YES;
				CLANG_WARN__DUPLICATE_METHOD_MATCH = YES;
				CODE_SIGN_IDENTITY = "iPhone Developer";
				COPY_PHASE_STRIP = NO;
				DEBUG_INFORMATION_FORMAT = dwarf;
				ENABLE_STRICT_OBJC_MSGSEND = YES;
				ENABLE_TESTABILITY = YES;
				GCC_C_LANGUAGE_STANDARD = gnu11;
				GCC_DYNAMIC_NO_PIC = NO;
				GCC_NO_COMMON_BLOCKS = YES;
				GCC_OPTIMIZATION_LEVEL = 0;
				GCC_PREPROCESSOR_DEFINITIONS = (
					"DEBUG=1",
					"$(inherited)",
				);
				GCC_WARN_64_TO_32_BIT_CONVERSION = YES;
				GCC_WARN_ABOUT_RETURN_TYPE = YES_ERROR;
				GCC_WARN_UNDECLARED_SELECTOR = YES;
				GCC_WARN_UNINITIALIZED_AUTOS = YES_AGGRESSIVE;
				GCC_WARN_UNUSED_FUNCTION = YES;
				GCC_WARN_UNUSED_VARIABLE = YES;
				IPHONEOS_DEPLOYMENT_TARGET = 12.1;
				MTL_ENABLE_DEBUG_INFO = INCLUDE_SOURCE;
				MTL_FAST_MATH = YES;
				ONLY_ACTIVE_ARCH = YES;
				SDKROOT = iphoneos;
				SWIFT_ACTIVE_COMPILATION_CONDITIONS = DEBUG;
				SWIFT_OPTIMIZATION_LEVEL = "-Onone";
			};
			name = Debug;
		};
		55DF3E9221985C540080252C /* Release */ = {
			isa = XCBuildConfiguration;
			buildSettings = {
				ALWAYS_SEARCH_USER_PATHS = NO;
				CLANG_ANALYZER_NONNULL = YES;
				CLANG_ANALYZER_NUMBER_OBJECT_CONVERSION = YES_AGGRESSIVE;
				CLANG_CXX_LANGUAGE_STANDARD = "gnu++14";
				CLANG_CXX_LIBRARY = "libc++";
				CLANG_ENABLE_MODULES = YES;
				CLANG_ENABLE_OBJC_ARC = YES;
				CLANG_ENABLE_OBJC_WEAK = YES;
				CLANG_WARN_BLOCK_CAPTURE_AUTORELEASING = YES;
				CLANG_WARN_BOOL_CONVERSION = YES;
				CLANG_WARN_COMMA = YES;
				CLANG_WARN_CONSTANT_CONVERSION = YES;
				CLANG_WARN_DEPRECATED_OBJC_IMPLEMENTATIONS = YES;
				CLANG_WARN_DIRECT_OBJC_ISA_USAGE = YES_ERROR;
				CLANG_WARN_DOCUMENTATION_COMMENTS = YES;
				CLANG_WARN_EMPTY_BODY = YES;
				CLANG_WARN_ENUM_CONVERSION = YES;
				CLANG_WARN_INFINITE_RECURSION = YES;
				CLANG_WARN_INT_CONVERSION = YES;
				CLANG_WARN_NON_LITERAL_NULL_CONVERSION = YES;
				CLANG_WARN_OBJC_IMPLICIT_RETAIN_SELF = YES;
				CLANG_WARN_OBJC_LITERAL_CONVERSION = YES;
				CLANG_WARN_OBJC_ROOT_CLASS = YES_ERROR;
				CLANG_WARN_RANGE_LOOP_ANALYSIS = YES;
				CLANG_WARN_STRICT_PROTOTYPES = YES;
				CLANG_WARN_SUSPICIOUS_MOVE = YES;
				CLANG_WARN_UNGUARDED_AVAILABILITY = YES_AGGRESSIVE;
				CLANG_WARN_UNREACHABLE_CODE = YES;
				CLANG_WARN__DUPLICATE_METHOD_MATCH = YES;
				CODE_SIGN_IDENTITY = "iPhone Developer";
				COPY_PHASE_STRIP = NO;
				DEBUG_INFORMATION_FORMAT = "dwarf-with-dsym";
				ENABLE_NS_ASSERTIONS = NO;
				ENABLE_STRICT_OBJC_MSGSEND = YES;
				GCC_C_LANGUAGE_STANDARD = gnu11;
				GCC_NO_COMMON_BLOCKS = YES;
				GCC_WARN_64_TO_32_BIT_CONVERSION = YES;
				GCC_WARN_ABOUT_RETURN_TYPE = YES_ERROR;
				GCC_WARN_UNDECLARED_SELECTOR = YES;
				GCC_WARN_UNINITIALIZED_AUTOS = YES_AGGRESSIVE;
				GCC_WARN_UNUSED_FUNCTION = YES;
				GCC_WARN_UNUSED_VARIABLE = YES;
				IPHONEOS_DEPLOYMENT_TARGET = 12.1;
				MTL_ENABLE_DEBUG_INFO = NO;
				MTL_FAST_MATH = YES;
				SDKROOT = iphoneos;
				SWIFT_COMPILATION_MODE = wholemodule;
				SWIFT_OPTIMIZATION_LEVEL = "-O";
				VALIDATE_PRODUCT = YES;
			};
			name = Release;
		};
		55DF3E9421985C540080252C /* Debug */ = {
			isa = XCBuildConfiguration;
			buildSettings = {
				ASSETCATALOG_COMPILER_APPICON_NAME = AppIcon;
				CODE_SIGN_STYLE = Automatic;
				DEVELOPMENT_TEAM = 5WXJ4Z4H69;
				INFOPLIST_FILE = SimpleClassificationApp/Info.plist;
				LD_RUNPATH_SEARCH_PATHS = (
					"$(inherited)",
					"@executable_path/Frameworks",
				);
				PRODUCT_BUNDLE_IDENTIFIER = com.tucan9389.SimpleClassificationApp;
				PRODUCT_NAME = "$(TARGET_NAME)";
				SWIFT_VERSION = 4.2;
				TARGETED_DEVICE_FAMILY = "1,2";
			};
			name = Debug;
		};
		55DF3E9521985C540080252C /* Release */ = {
			isa = XCBuildConfiguration;
			buildSettings = {
				ASSETCATALOG_COMPILER_APPICON_NAME = AppIcon;
				CODE_SIGN_STYLE = Automatic;
				DEVELOPMENT_TEAM = 5WXJ4Z4H69;
				INFOPLIST_FILE = SimpleClassificationApp/Info.plist;
				LD_RUNPATH_SEARCH_PATHS = (
					"$(inherited)",
					"@executable_path/Frameworks",
				);
				PRODUCT_BUNDLE_IDENTIFIER = com.tucan9389.SimpleClassificationApp;
				PRODUCT_NAME = "$(TARGET_NAME)";
				SWIFT_VERSION = 4.2;
				TARGETED_DEVICE_FAMILY = "1,2";
			};
			name = Release;
		};
/* End XCBuildConfiguration section */

/* Begin XCConfigurationList section */
		55DF3E7C21985C520080252C /* Build configuration list for PBXProject "SimpleClassificationApp" */ = {
			isa = XCConfigurationList;
			buildConfigurations = (
				55DF3E9121985C540080252C /* Debug */,
				55DF3E9221985C540080252C /* Release */,
			);
			defaultConfigurationIsVisible = 0;
			defaultConfigurationName = Release;
		};
		55DF3E9321985C540080252C /* Build configuration list for PBXNativeTarget "SimpleClassificationApp" */ = {
			isa = XCConfigurationList;
			buildConfigurations = (
				55DF3E9421985C540080252C /* Debug */,
				55DF3E9521985C540080252C /* Release */,
			);
			defaultConfigurationIsVisible = 0;
			defaultConfigurationName = Release;
		};
/* End XCConfigurationList section */
	};
	rootObject = 55DF3E7921985C520080252C /* Project object */;
}
